{
  "name": "2",
  "version": "1.0.0",
  "lockfileVersion": 1,
  "requires": true,
  "dependencies": {
    "toolssun": {
      "version": "1.0.0",
      "resolved": "https://registry.npmjs.org/toolssun/-/toolssun-1.0.0.tgz",
      "integrity": "sha512-rBQC/Wa6nfO8u1EwD13u3Q8WPKU43iaDxgIk2Bb0+W32UE2E/JQqqQjqMbzbr+jfCznR7ofRNOtb8Fb3+mze4Q=="
    }
  }
}
